
Microsoft Visual Studio Solution File, Format Version 12.00
# Visual Studio Version 16
VisualStudioVersion = 16.0.30128.74
MinimumVisualStudioVersion = 15.0.26124.0
Project("{9A19103F-16F7-4668-BE54-9A1E7A4F7556}") = "RazhevUI", "D:\C#\gehtsoft\Razhev\RazhevUI\RazhevUI.csproj", "{161C0545-D7A3-45B7-9B07-CA1298180A94}"
EndProject
Global
	GlobalSection(SolutionConfigurationPlatforms) = preSolution
		Debug|Any CPU = Debug|Any CPU
		Debug|x64 = Debug|x64
		Debug|x86 = Debug|x86
		Release|Any CPU = Release|Any CPU
		Release|x64 = Release|x64
		Release|x86 = Release|x86
	EndGlobalSection
	GlobalSection(ProjectConfigurationPlatforms) = postSolution
		{161C0545-D7A3-45B7-9B07-CA1298180A94}.Debug|Any CPU.ActiveCfg = Debug|Any CPU
		{161C0545-D7A3-45B7-9B07-CA1298180A94}.Debug|Any CPU.Build.0 = Debug|Any CPU
		{161C0545-D7A3-45B7-9B07-CA1298180A94}.Debug|x64.ActiveCfg = Debug|Any CPU
		{161C0545-D7A3-45B7-9B07-CA1298180A94}.Debug|x64.Build.0 = Debug|Any CPU
		{161C0545-D7A3-45B7-9B07-CA1298180A94}.Debug|x86.ActiveCfg = Debug|Any CPU
		{161C0545-D7A3-45B7-9B07-CA1298180A94}.Debug|x86.Build.0 = Debug|Any CPU
		{161C0545-D7A3-45B7-9B07-CA1298180A94}.Release|Any CPU.ActiveCfg = Release|Any CPU
		{161C0545-D7A3-45B7-9B07-CA1298180A94}.Release|Any CPU.Build.0 = Release|Any CPU
		{161C0545-D7A3-45B7-9B07-CA1298180A94}.Release|x64.ActiveCfg = Release|Any CPU
		{161C0545-D7A3-45B7-9B07-CA1298180A94}.Release|x64.Build.0 = Release|Any CPU
		{161C0545-D7A3-45B7-9B07-CA1298180A94}.Release|x86.ActiveCfg = Release|Any CPU
		{161C0545-D7A3-45B7-9B07-CA1298180A94}.Release|x86.Build.0 = Release|Any CPU
	EndGlobalSection
	GlobalSection(SolutionProperties) = preSolution
		HideSolutionNode = FALSE
	EndGlobalSection
	GlobalSection(ExtensibilityGlobals) = postSolution
		SolutionGuid = {769EB6AC-7E0E-40EA-9198-941C6DAB49C0}
	EndGlobalSection
EndGlobal
