
Microsoft Visual Studio Solution File, Format Version 12.00
# Visual Studio Version 16
VisualStudioVersion = 16.0.30523.141
MinimumVisualStudioVersion = 10.0.40219.1
Project("{FAE04EC0-301F-11D3-BF4B-00C04F79EFBC}") = "Task5", "Task5\Task5.csproj", "{DDF5530F-8D1A-4F27-AD33-26E3C1170D54}"
EndProject
Global
	GlobalSection(SolutionConfigurationPlatforms) = preSolution
		Debug|Any CPU = Debug|Any CPU
		Release|Any CPU = Release|Any CPU
	EndGlobalSection
	GlobalSection(ProjectConfigurationPlatforms) = postSolution
		{DDF5530F-8D1A-4F27-AD33-26E3C1170D54}.Debug|Any CPU.ActiveCfg = Debug|Any CPU
		{DDF5530F-8D1A-4F27-AD33-26E3C1170D54}.Debug|Any CPU.Build.0 = Debug|Any CPU
		{DDF5530F-8D1A-4F27-AD33-26E3C1170D54}.Release|Any CPU.ActiveCfg = Release|Any CPU
		{DDF5530F-8D1A-4F27-AD33-26E3C1170D54}.Release|Any CPU.Build.0 = Release|Any CPU
	EndGlobalSection
	GlobalSection(SolutionProperties) = preSolution
		HideSolutionNode = FALSE
	EndGlobalSection
	GlobalSection(ExtensibilityGlobals) = postSolution
		SolutionGuid = {832C713C-74D0-40F6-ACDE-4072EC60EC8F}
	EndGlobalSection
EndGlobal
