
Microsoft Visual Studio Solution File, Format Version 12.00
# Visual Studio Version 16
VisualStudioVersion = 16.0.30517.126
MinimumVisualStudioVersion = 10.0.40219.1
Project("{FAE04EC0-301F-11D3-BF4B-00C04F79EFBC}") = "ServerHost", "ServerHost\ServerHost.csproj", "{3C5FC663-FAF5-43D1-A93F-C29C5C08DB55}"
EndProject
Project("{FAE04EC0-301F-11D3-BF4B-00C04F79EFBC}") = "ChatClient", "ChatClient\ChatClient.csproj", "{4BA847E0-EF4E-4377-BC2C-312E41C3E243}"
EndProject
Global
	GlobalSection(SolutionConfigurationPlatforms) = preSolution
		Debug|Any CPU = Debug|Any CPU
		Release|Any CPU = Release|Any CPU
	EndGlobalSection
	GlobalSection(ProjectConfigurationPlatforms) = postSolution
		{3C5FC663-FAF5-43D1-A93F-C29C5C08DB55}.Debug|Any CPU.ActiveCfg = Debug|Any CPU
		{3C5FC663-FAF5-43D1-A93F-C29C5C08DB55}.Debug|Any CPU.Build.0 = Debug|Any CPU
		{3C5FC663-FAF5-43D1-A93F-C29C5C08DB55}.Release|Any CPU.ActiveCfg = Release|Any CPU
		{3C5FC663-FAF5-43D1-A93F-C29C5C08DB55}.Release|Any CPU.Build.0 = Release|Any CPU
		{4BA847E0-EF4E-4377-BC2C-312E41C3E243}.Debug|Any CPU.ActiveCfg = Debug|Any CPU
		{4BA847E0-EF4E-4377-BC2C-312E41C3E243}.Debug|Any CPU.Build.0 = Debug|Any CPU
		{4BA847E0-EF4E-4377-BC2C-312E41C3E243}.Release|Any CPU.ActiveCfg = Release|Any CPU
		{4BA847E0-EF4E-4377-BC2C-312E41C3E243}.Release|Any CPU.Build.0 = Release|Any CPU
	EndGlobalSection
	GlobalSection(SolutionProperties) = preSolution
		HideSolutionNode = FALSE
	EndGlobalSection
	GlobalSection(ExtensibilityGlobals) = postSolution
		SolutionGuid = {0B830E2D-870B-498C-A3D3-E7D5A977706D}
	EndGlobalSection
EndGlobal
