
Microsoft Visual Studio Solution File, Format Version 12.00
# Visual Studio Version 16
VisualStudioVersion = 16.0.30517.126
MinimumVisualStudioVersion = 10.0.40219.1
Project("{9A19103F-16F7-4668-BE54-9A1E7A4F7556}") = "foo", "foo\foo.csproj", "{21AC5BC0-713D-4770-9D07-0F8FA55B7E69}"
EndProject
Project("{FAE04EC0-301F-11D3-BF4B-00C04F79EFBC}") = "ChatClient", "ChatClient\ChatClient.csproj", "{6B36CAF5-3EFB-4FF5-8FE2-FE0D782745F5}"
EndProject
Global
	GlobalSection(SolutionConfigurationPlatforms) = preSolution
		Debug|Any CPU = Debug|Any CPU
		Release|Any CPU = Release|Any CPU
	EndGlobalSection
	GlobalSection(ProjectConfigurationPlatforms) = postSolution
		{21AC5BC0-713D-4770-9D07-0F8FA55B7E69}.Debug|Any CPU.ActiveCfg = Debug|Any CPU
		{21AC5BC0-713D-4770-9D07-0F8FA55B7E69}.Debug|Any CPU.Build.0 = Debug|Any CPU
		{21AC5BC0-713D-4770-9D07-0F8FA55B7E69}.Release|Any CPU.ActiveCfg = Release|Any CPU
		{21AC5BC0-713D-4770-9D07-0F8FA55B7E69}.Release|Any CPU.Build.0 = Release|Any CPU
		{6B36CAF5-3EFB-4FF5-8FE2-FE0D782745F5}.Debug|Any CPU.ActiveCfg = Debug|Any CPU
		{6B36CAF5-3EFB-4FF5-8FE2-FE0D782745F5}.Debug|Any CPU.Build.0 = Debug|Any CPU
		{6B36CAF5-3EFB-4FF5-8FE2-FE0D782745F5}.Release|Any CPU.ActiveCfg = Release|Any CPU
		{6B36CAF5-3EFB-4FF5-8FE2-FE0D782745F5}.Release|Any CPU.Build.0 = Release|Any CPU
	EndGlobalSection
	GlobalSection(SolutionProperties) = preSolution
		HideSolutionNode = FALSE
	EndGlobalSection
	GlobalSection(ExtensibilityGlobals) = postSolution
		SolutionGuid = {ADEFBA97-3A69-426B-A151-C2A744113251}
	EndGlobalSection
EndGlobal
